
Microsoft Visual Studio Solution File, Format Version 12.00
# Visual Studio Version 17
VisualStudioVersion = 17.11.35327.3
MinimumVisualStudioVersion = 10.0.40219.1
Project("{FAE04EC0-301F-11D3-BF4B-00C04F79EFBC}") = "CA3", "CA3\CA3.csproj", "{3D7DEB31-A995-421F-9AFF-D4FA082C26EC}"
EndProject
Project("{FAE04EC0-301F-11D3-BF4B-00C04F79EFBC}") = "CA# pila", "CA# pila\CA# pila.csproj", "{26FE3F9C-7FE6-4527-9E9B-300449C315A8}"
EndProject
Global
	GlobalSection(SolutionConfigurationPlatforms) = preSolution
		Debug|Any CPU = Debug|Any CPU
		Release|Any CPU = Release|Any CPU
	EndGlobalSection
	GlobalSection(ProjectConfigurationPlatforms) = postSolution
		{3D7DEB31-A995-421F-9AFF-D4FA082C26EC}.Debug|Any CPU.ActiveCfg = Debug|Any CPU
		{3D7DEB31-A995-421F-9AFF-D4FA082C26EC}.Debug|Any CPU.Build.0 = Debug|Any CPU
		{3D7DEB31-A995-421F-9AFF-D4FA082C26EC}.Release|Any CPU.ActiveCfg = Release|Any CPU
		{3D7DEB31-A995-421F-9AFF-D4FA082C26EC}.Release|Any CPU.Build.0 = Release|Any CPU
		{26FE3F9C-7FE6-4527-9E9B-300449C315A8}.Debug|Any CPU.ActiveCfg = Debug|Any CPU
		{26FE3F9C-7FE6-4527-9E9B-300449C315A8}.Debug|Any CPU.Build.0 = Debug|Any CPU
		{26FE3F9C-7FE6-4527-9E9B-300449C315A8}.Release|Any CPU.ActiveCfg = Release|Any CPU
		{26FE3F9C-7FE6-4527-9E9B-300449C315A8}.Release|Any CPU.Build.0 = Release|Any CPU
	EndGlobalSection
	GlobalSection(SolutionProperties) = preSolution
		HideSolutionNode = FALSE
	EndGlobalSection
	GlobalSection(ExtensibilityGlobals) = postSolution
		SolutionGuid = {D4C91042-2E22-430F-A893-5C2E9F3B1C64}
	EndGlobalSection
EndGlobal
